# This file is automatically @generated by Poetry 1.5.5 and should not be changed by hand.

[[package]]
name = "numpy"
version = "1.26.3"
description = "Fundamental package for array computing in Python"
optional = false
python-versions = ">=3.9"
files = [
    {file = "numpy-1.26.3-cp310-cp310-macosx_10_9_x86_64.whl", hash = "sha256:806dd64230dbbfaca8a27faa64e2f414bf1c6622ab78cc4264f7f5f028fee3bf"},
    {file = "numpy-1.26.3-cp310-cp310-macosx_11_0_arm64.whl", hash = "sha256:02f98011ba4ab17f46f80f7f8f1c291ee7d855fcef0a5a98db80767a468c85cd"},
    {file = "numpy-1.26.3-cp310-cp310-manylinux_2_17_aarch64.manylinux2014_aarch64.whl", hash = "sha256:6d45b3ec2faed4baca41c76617fcdcfa4f684ff7a151ce6fc78ad3b6e85af0a6"},
    {file = "numpy-1.26.3-cp310-cp310-manylinux_2_17_x86_64.manylinux2014_x86_64.whl", hash = "sha256:bdd2b45bf079d9ad90377048e2747a0c82351989a2165821f0c96831b4a2a54b"},
    {file = "numpy-1.26.3-cp310-cp310-musllinux_1_1_aarch64.whl", hash = "sha256:211ddd1e94817ed2d175b60b6374120244a4dd2287f4ece45d49228b4d529178"},
    {file = "numpy-1.26.3-cp310-cp310-musllinux_1_1_x86_64.whl", hash = "sha256:b1240f767f69d7c4c8a29adde2310b871153df9b26b5cb2b54a561ac85146485"},
    {file = "numpy-1.26.3-cp310-cp310-win32.whl", hash = "sha256:21a9484e75ad018974a2fdaa216524d64ed4212e418e0a551a2d83403b0531d3"},
    {file = "numpy-1.26.3-cp310-cp310-win_amd64.whl", hash = "sha256:9e1591f6ae98bcfac2a4bbf9221c0b92ab49762228f38287f6eeb5f3f55905ce"},
    {file = "numpy-1.26.3-cp311-cp311-macosx_10_9_x86_64.whl", hash = "sha256:b831295e5472954104ecb46cd98c08b98b49c69fdb7040483aff799a755a7374"},
    {file = "numpy-1.26.3-cp311-cp311-macosx_11_0_arm64.whl", hash = "sha256:9e87562b91f68dd8b1c39149d0323b42e0082db7ddb8e934ab4c292094d575d6"},
    {file = "numpy-1.26.3-cp311-cp311-manylinux_2_17_aarch64.manylinux2014_aarch64.whl", hash = "sha256:8c66d6fec467e8c0f975818c1796d25c53521124b7cfb760114be0abad53a0a2"},
    {file = "numpy-1.26.3-cp311-cp311-manylinux_2_17_x86_64.manylinux2014_x86_64.whl", hash = "sha256:f25e2811a9c932e43943a2615e65fc487a0b6b49218899e62e426e7f0a57eeda"},
    {file = "numpy-1.26.3-cp311-cp311-musllinux_1_1_aarch64.whl", hash = "sha256:af36e0aa45e25c9f57bf684b1175e59ea05d9a7d3e8e87b7ae1a1da246f2767e"},
    {file = "numpy-1.26.3-cp311-cp311-musllinux_1_1_x86_64.whl", hash = "sha256:51c7f1b344f302067b02e0f5b5d2daa9ed4a721cf49f070280ac202738ea7f00"},
    {file = "numpy-1.26.3-cp311-cp311-win32.whl", hash = "sha256:7ca4f24341df071877849eb2034948459ce3a07915c2734f1abb4018d9c49d7b"},
    {file = "numpy-1.26.3-cp311-cp311-win_amd64.whl", hash = "sha256:39763aee6dfdd4878032361b30b2b12593fb445ddb66bbac802e2113eb8a6ac4"},
    {file = "numpy-1.26.3-cp312-cp312-macosx_10_9_x86_64.whl", hash = "sha256:a7081fd19a6d573e1a05e600c82a1c421011db7935ed0d5c483e9dd96b99cf13"},
    {file = "numpy-1.26.3-cp312-cp312-macosx_11_0_arm64.whl", hash = "sha256:12c70ac274b32bc00c7f61b515126c9205323703abb99cd41836e8125ea0043e"},
    {file = "numpy-1.26.3-cp312-cp312-manylinux_2_17_aarch64.manylinux2014_aarch64.whl", hash = "sha256:7f784e13e598e9594750b2ef6729bcd5a47f6cfe4a12cca13def35e06d8163e3"},
    {file = "numpy-1.26.3-cp312-cp312-manylinux_2_17_x86_64.manylinux2014_x86_64.whl", hash = "sha256:5f24750ef94d56ce6e33e4019a8a4d68cfdb1ef661a52cdaee628a56d2437419"},
    {file = "numpy-1.26.3-cp312-cp312-musllinux_1_1_aarch64.whl", hash = "sha256:77810ef29e0fb1d289d225cabb9ee6cf4d11978a00bb99f7f8ec2132a84e0166"},
    {file = "numpy-1.26.3-cp312-cp312-musllinux_1_1_x86_64.whl", hash = "sha256:8ed07a90f5450d99dad60d3799f9c03c6566709bd53b497eb9ccad9a55867f36"},
    {file = "numpy-1.26.3-cp312-cp312-win32.whl", hash = "sha256:f73497e8c38295aaa4741bdfa4fda1a5aedda5473074369eca10626835445511"},
    {file = "numpy-1.26.3-cp312-cp312-win_amd64.whl", hash = "sha256:da4b0c6c699a0ad73c810736303f7fbae483bcb012e38d7eb06a5e3b432c981b"},
    {file = "numpy-1.26.3-cp39-cp39-macosx_10_9_x86_64.whl", hash = "sha256:1666f634cb3c80ccbd77ec97bc17337718f56d6658acf5d3b906ca03e90ce87f"},
    {file = "numpy-1.26.3-cp39-cp39-macosx_11_0_arm64.whl", hash = "sha256:18c3319a7d39b2c6a9e3bb75aab2304ab79a811ac0168a671a62e6346c29b03f"},
    {file = "numpy-1.26.3-cp39-cp39-manylinux_2_17_aarch64.manylinux2014_aarch64.whl", hash = "sha256:0b7e807d6888da0db6e7e75838444d62495e2b588b99e90dd80c3459594e857b"},
    {file = "numpy-1.26.3-cp39-cp39-manylinux_2_17_x86_64.manylinux2014_x86_64.whl", hash = "sha256:b4d362e17bcb0011738c2d83e0a65ea8ce627057b2fdda37678f4374a382a137"},
    {file = "numpy-1.26.3-cp39-cp39-musllinux_1_1_aarch64.whl", hash = "sha256:b8c275f0ae90069496068c714387b4a0eba5d531aace269559ff2b43655edd58"},
    {file = "numpy-1.26.3-cp39-cp39-musllinux_1_1_x86_64.whl", hash = "sha256:cc0743f0302b94f397a4a65a660d4cd24267439eb16493fb3caad2e4389bccbb"},
    {file = "numpy-1.26.3-cp39-cp39-win32.whl", hash = "sha256:9bc6d1a7f8cedd519c4b7b1156d98e051b726bf160715b769106661d567b3f03"},
    {file = "numpy-1.26.3-cp39-cp39-win_amd64.whl", hash = "sha256:867e3644e208c8922a3be26fc6bbf112a035f50f0a86497f98f228c50c607bb2"},
    {file = "numpy-1.26.3-pp39-pypy39_pp73-macosx_10_9_x86_64.whl", hash = "sha256:3c67423b3703f8fbd90f5adaa37f85b5794d3366948efe9a5190a5f3a83fc34e"},
    {file = "numpy-1.26.3-pp39-pypy39_pp73-manylinux_2_17_x86_64.manylinux2014_x86_64.whl", hash = "sha256:46f47ee566d98849323f01b349d58f2557f02167ee301e5e28809a8c0e27a2d0"},
    {file = "numpy-1.26.3-pp39-pypy39_pp73-win_amd64.whl", hash = "sha256:a8474703bffc65ca15853d5fd4d06b18138ae90c17c8d12169968e998e448bb5"},
    {file = "numpy-1.26.3.tar.gz", hash = "sha256:697df43e2b6310ecc9d95f05d5ef20eacc09c7c4ecc9da3f235d39e71b7da1e4"},
]

[[package]]
name = "plyer"
version = "2.1.0"
description = "Platform-independent wrapper for platform-dependent APIs"
optional = false
python-versions = "*"
files = [
    {file = "plyer-2.1.0-py2.py3-none-any.whl", hash = "sha256:1b1772060df8b3045ed4f08231690ec8f7de30f5a004aa1724665a9074eed113"},
    {file = "plyer-2.1.0.tar.gz", hash = "sha256:65b7dfb7e11e07af37a8487eb2aa69524276ef70dad500b07228ce64736baa61"},
]

[package.extras]
android = ["pyjnius"]
dev = ["flake8", "mock"]
ios = ["pyobjus"]
macosx = ["pyobjus"]

[[package]]
name = "pyyaml"
version = "6.0.2"
description = "YAML parser and emitter for Python"
optional = false
python-versions = ">=3.8"
files = [
    {file = "PyYAML-6.0.2-cp310-cp310-macosx_10_9_x86_64.whl", hash = "sha256:0a9a2848a5b7feac301353437eb7d5957887edbf81d56e903999a75a3d743086"},
    {file = "PyYAML-6.0.2-cp310-cp310-macosx_11_0_arm64.whl", hash = "sha256:29717114e51c84ddfba879543fb232a6ed60086602313ca38cce623c1d62cfbf"},
    {file = "PyYAML-6.0.2-cp310-cp310-manylinux_2_17_aarch64.manylinux2014_aarch64.whl", hash = "sha256:8824b5a04a04a047e72eea5cec3bc266db09e35de6bdfe34c9436ac5ee27d237"},
    {file = "PyYAML-6.0.2-cp310-cp310-manylinux_2_17_s390x.manylinux2014_s390x.whl", hash = "sha256:7c36280e6fb8385e520936c3cb3b8042851904eba0e58d277dca80a5cfed590b"},
    {file = "PyYAML-6.0.2-cp310-cp310-manylinux_2_17_x86_64.manylinux2014_x86_64.whl", hash = "sha256:ec031d5d2feb36d1d1a24380e4db6d43695f3748343d99434e6f5f9156aaa2ed"},
    {file = "PyYAML-6.0.2-cp310-cp310-musllinux_1_1_aarch64.whl", hash = "sha256:936d68689298c36b53b29f23c6dbb74de12b4ac12ca6cfe0e047bedceea56180"},
    {file = "PyYAML-6.0.2-cp310-cp310-musllinux_1_1_x86_64.whl", hash = "sha256:23502f431948090f597378482b4812b0caae32c22213aecf3b55325e049a6c68"},
    {file = "PyYAML-6.0.2-cp310-cp310-win32.whl", hash = "sha256:2e99c6826ffa974fe6e27cdb5ed0021786b03fc98e5ee3c5bfe1fd5015f42b99"},
    {file = "PyYAML-6.0.2-cp310-cp310-win_amd64.whl", hash = "sha256:a4d3091415f010369ae4ed1fc6b79def9416358877534caf6a0fdd2146c87a3e"},
    {file = "PyYAML-6.0.2-cp311-cp311-macosx_10_9_x86_64.whl", hash = "sha256:cc1c1159b3d456576af7a3e4d1ba7e6924cb39de8f67111c735f6fc832082774"},
    {file = "PyYAML-6.0.2-cp311-cp311-macosx_11_0_arm64.whl", hash = "sha256:1e2120ef853f59c7419231f3bf4e7021f1b936f6ebd222406c3b60212205d2ee"},
    {file = "PyYAML-6.0.2-cp311-cp311-manylinux_2_17_aarch64.manylinux2014_aarch64.whl", hash = "sha256:5d225db5a45f21e78dd9358e58a98702a0302f2659a3c6cd320564b75b86f47c"},
    {file = "PyYAML-6.0.2-cp311-cp311-manylinux_2_17_s390x.manylinux2014_s390x.whl", hash = "sha256:5ac9328ec4831237bec75defaf839f7d4564be1e6b25ac710bd1a96321cc8317"},
    {file = "PyYAML-6.0.2-cp311-cp311-manylinux_2_17_x86_64.manylinux2014_x86_64.whl", hash = "sha256:3ad2a3decf9aaba3d29c8f537ac4b243e36bef957511b4766cb0057d32b0be85"},
    {file = "PyYAML-6.0.2-cp311-cp311-musllinux_1_1_aarch64.whl", hash = "sha256:ff3824dc5261f50c9b0dfb3be22b4567a6f938ccce4587b38952d85fd9e9afe4"},
    {file = "PyYAML-6.0.2-cp311-cp311-musllinux_1_1_x86_64.whl", hash = "sha256:797b4f722ffa07cc8d62053e4cff1486fa6dc094105d13fea7b1de7d8bf71c9e"},
    {file = "PyYAML-6.0.2-cp311-cp311-win32.whl", hash = "sha256:11d8f3dd2b9c1207dcaf2ee0bbbfd5991f571186ec9cc78427ba5bd32afae4b5"},
    {file = "PyYAML-6.0.2-cp311-cp311-win_amd64.whl", hash = "sha256:e10ce637b18caea04431ce14fabcf5c64a1c61ec9c56b071a4b7ca131ca52d44"},
    {file = "PyYAML-6.0.2-cp312-cp312-macosx_10_9_x86_64.whl", hash = "sha256:c70c95198c015b85feafc136515252a261a84561b7b1d51e3384e0655ddf25ab"},
    {file = "PyYAML-6.0.2-cp312-cp312-macosx_11_0_arm64.whl", hash = "sha256:ce826d6ef20b1bc864f0a68340c8b3287705cae2f8b4b1d932177dcc76721725"},
    {file = "PyYAML-6.0.2-cp312-cp312-manylinux_2_17_aarch64.manylinux2014_aarch64.whl", hash = "sha256:1f71ea527786de97d1a0cc0eacd1defc0985dcf6b3f17bb77dcfc8c34bec4dc5"},
    {file = "PyYAML-6.0.2-cp312-cp312-manylinux_2_17_s390x.manylinux2014_s390x.whl", hash = "sha256:9b22676e8097e9e22e36d6b7bda33190d0d400f345f23d4065d48f4ca7ae0425"},
    {file = "PyYAML-6.0.2-cp312-cp312-manylinux_2_17_x86_64.manylinux2014_x86_64.whl", hash = "sha256:80bab7bfc629882493af4aa31a4cfa43a4c57c83813253626916b8c7ada83476"},
    {file = "PyYAML-6.0.2-cp312-cp312-musllinux_1_1_aarch64.whl", hash = "sha256:0833f8694549e586547b576dcfaba4a6b55b9e96098b36cdc7ebefe667dfed48"},
    {file = "PyYAML-6.0.2-cp312-cp312-musllinux_1_1_x86_64.whl", hash = "sha256:8b9c7197f7cb2738065c481a0461e50ad02f18c78cd75775628afb4d7137fb3b"},
    {file = "PyYAML-6.0.2-cp312-cp312-win32.whl", hash = "sha256:ef6107725bd54b262d6dedcc2af448a266975032bc85ef0172c5f059da6325b4"},
    {file = "PyYAML-6.0.2-cp312-cp312-win_amd64.whl", hash = "sha256:7e7401d0de89a9a855c839bc697c079a4af81cf878373abd7dc625847d25cbd8"},
    {file = "PyYAML-6.0.2-cp313-cp313-macosx_10_13_x86_64.whl", hash = "sha256:efdca5630322a10774e8e98e1af481aad470dd62c3170801852d752aa7a783ba"},
    {file = "PyYAML-6.0.2-cp313-cp313-macosx_11_0_arm64.whl", hash = "sha256:50187695423ffe49e2deacb8cd10510bc361faac997de9efef88badc3bb9e2d1"},
    {file = "PyYAML-6.0.2-cp313-cp313-manylinux_2_17_aarch64.manylinux2014_aarch64.whl", hash = "sha256:0ffe8360bab4910ef1b9e87fb812d8bc0a308b0d0eef8c8f44e0254ab3b07133"},
    {file = "PyYAML-6.0.2-cp313-cp313-manylinux_2_17_s390x.manylinux2014_s390x.whl", hash = "sha256:17e311b6c678207928d649faa7cb0d7b4c26a0ba73d41e99c4fff6b6c3276484"},
    {file = "PyYAML-6.0.2-cp313-cp313-manylinux_2_17_x86_64.manylinux2014_x86_64.whl", hash = "sha256:70b189594dbe54f75ab3a1acec5f1e3faa7e8cf2f1e08d9b561cb41b845f69d5"},
    {file = "PyYAML-6.0.2-cp313-cp313-musllinux_1_1_aarch64.whl", hash = "sha256:41e4e3953a79407c794916fa277a82531dd93aad34e29c2a514c2c0c5fe971cc"},
    {file = "PyYAML-6.0.2-cp313-cp313-musllinux_1_1_x86_64.whl", hash = "sha256:68ccc6023a3400877818152ad9a1033e3db8625d899c72eacb5a668902e4d652"},
    {file = "PyYAML-6.0.2-cp313-cp313-win32.whl", hash = "sha256:bc2fa7c6b47d6bc618dd7fb02ef6fdedb1090ec036abab80d4681424b84c1183"},
    {file = "PyYAML-6.0.2-cp313-cp313-win_amd64.whl", hash = "sha256:8388ee1976c416731879ac16da0aff3f63b286ffdd57cdeb95f3f2e085687563"},
    {file = "PyYAML-6.0.2-cp38-cp38-macosx_10_9_x86_64.whl", hash = "sha256:24471b829b3bf607e04e88d79542a9d48bb037c2267d7927a874e6c205ca7e9a"},
    {file = "PyYAML-6.0.2-cp38-cp38-manylinux_2_17_aarch64.manylinux2014_aarch64.whl", hash = "sha256:d7fded462629cfa4b685c5416b949ebad6cec74af5e2d42905d41e257e0869f5"},
    {file = "PyYAML-6.0.2-cp38-cp38-manylinux_2_17_s390x.manylinux2014_s390x.whl", hash = "sha256:d84a1718ee396f54f3a086ea0a66d8e552b2ab2017ef8b420e92edbc841c352d"},
    {file = "PyYAML-6.0.2-cp38-cp38-manylinux_2_17_x86_64.manylinux2014_x86_64.whl", hash = "sha256:9056c1ecd25795207ad294bcf39f2db3d845767be0ea6e6a34d856f006006083"},
    {file = "PyYAML-6.0.2-cp38-cp38-musllinux_1_1_x86_64.whl", hash = "sha256:82d09873e40955485746739bcb8b4586983670466c23382c19cffecbf1fd8706"},
    {file = "PyYAML-6.0.2-cp38-cp38-win32.whl", hash = "sha256:43fa96a3ca0d6b1812e01ced1044a003533c47f6ee8aca31724f78e93ccc089a"},
    {file = "PyYAML-6.0.2-cp38-cp38-win_amd64.whl", hash = "sha256:01179a4a8559ab5de078078f37e5c1a30d76bb88519906844fd7bdea1b7729ff"},
    {file = "PyYAML-6.0.2-cp39-cp39-macosx_10_9_x86_64.whl", hash = "sha256:688ba32a1cffef67fd2e9398a2efebaea461578b0923624778664cc1c914db5d"},
    {file = "PyYAML-6.0.2-cp39-cp39-macosx_11_0_arm64.whl", hash = "sha256:a8786accb172bd8afb8be14490a16625cbc387036876ab6ba70912730faf8e1f"},
    {file = "PyYAML-6.0.2-cp39-cp39-manylinux_2_17_aarch64.manylinux2014_aarch64.whl", hash = "sha256:d8e03406cac8513435335dbab54c0d385e4a49e4945d2909a581c83647ca0290"},
    {file = "PyYAML-6.0.2-cp39-cp39-manylinux_2_17_s390x.manylinux2014_s390x.whl", hash = "sha256:f753120cb8181e736c57ef7636e83f31b9c0d1722c516f7e86cf15b7aa57ff12"},
    {file = "PyYAML-6.0.2-cp39-cp39-manylinux_2_17_x86_64.manylinux2014_x86_64.whl", hash = "sha256:3b1fdb9dc17f5a7677423d508ab4f243a726dea51fa5e70992e59a7411c89d19"},
    {file = "PyYAML-6.0.2-cp39-cp39-musllinux_1_1_aarch64.whl", hash = "sha256:0b69e4ce7a131fe56b7e4d770c67429700908fc0752af059838b1cfb41960e4e"},
    {file = "PyYAML-6.0.2-cp39-cp39-musllinux_1_1_x86_64.whl", hash = "sha256:a9f8c2e67970f13b16084e04f134610fd1d374bf477b17ec1599185cf611d725"},
    {file = "PyYAML-6.0.2-cp39-cp39-win32.whl", hash = "sha256:6395c297d42274772abc367baaa79683958044e5d3835486c16da75d2a694631"},
    {file = "PyYAML-6.0.2-cp39-cp39-win_amd64.whl", hash = "sha256:39693e1f8320ae4f43943590b49779ffb98acb81f788220ea932a6b6c51004d8"},
    {file = "pyyaml-6.0.2.tar.gz", hash = "sha256:d584d9ec91ad65861cc08d42e834324ef890a082e591037abe114850ff7bbc3e"},
]

[metadata]
lock-version = "2.0"
python-versions = ">=3.11.0,<3.12"
content-hash = "dd480216e3455c0a0faae0392bb4cb3e0985b55d1f835b53f0039866d205a431"
